{
  "name": "ethiopian-mp-list",
  "version": "1.0.0",
  "lockfileVersion": 2,
  "requires": true,
  "packages": {
    "": {
      "name": "ethiopian-mp-list",
      "version": "1.0.0",
      "devDependencies": {
        "uglify-js": "^3.17.4",
        "yuicompressor": "^2.4.8"
      }
    },
    "node_modules/uglify-js": {
      "version": "3.17.4",
      "resolved": "https://registry.npmjs.org/uglify-js/-/uglify-js-3.17.4.tgz",
      "integrity": "sha512-T9q82TJI9e/C1TAxYvfb16xO120tMVFZrGA3f9/P4424DNu6ypK103y0GPFVa17yotwSyZW5iYXgjYHkGrJW/g==",
      "dev": true,
      "bin": {
        "uglifyjs": "bin/uglifyjs"
      },
      "engines": {
        "node": ">=0.8.0"
      }
    },
    "node_modules/yuicompressor": {
      "version": "2.4.8",
      "resolved": "https://registry.npmjs.org/yuicompressor/-/yuicompressor-2.4.8.tgz",
      "integrity": "sha512-16wxelwLDUReoX3Jp67yqLhGk2TFQQCT9N0jfxeHjPbsZBGf07ZSIKkS7CBIYyoL8hBqJdy2X2HqjutBhSEbtA==",
      "dev": true,
      "bin": {
        "yuicompressor": "nodejs/cli.js"
      }
    }
  },
  "dependencies": {
    "uglify-js": {
      "version": "3.17.4",
      "resolved": "https://registry.npmjs.org/uglify-js/-/uglify-js-3.17.4.tgz",
      "integrity": "sha512-T9q82TJI9e/C1TAxYvfb16xO120tMVFZrGA3f9/P4424DNu6ypK103y0GPFVa17yotwSyZW5iYXgjYHkGrJW/g==",
      "dev": true
    },
    "yuicompressor": {
      "version": "2.4.8",
      "resolved": "https://registry.npmjs.org/yuicompressor/-/yuicompressor-2.4.8.tgz",
      "integrity": "sha512-16wxelwLDUReoX3Jp67yqLhGk2TFQQCT9N0jfxeHjPbsZBGf07ZSIKkS7CBIYyoL8hBqJdy2X2HqjutBhSEbtA==",
      "dev": true
    }
  }
}
